// !$*UTF8*$!
{
	archiveVersion = 1;
	classes = {
	};
	objectVersion = 56;
	objects = {

/* Begin PBXBuildFile section */
		55A067252C64FFE700CDDB0E /* nineDotsSTaskApp.swift in Sources */ = {isa = PBXBuildFile; fileRef = 55A067242C64FFE700CDDB0E /* nineDotsSTaskApp.swift */; };
		55A067272C64FFE700CDDB0E /* ContentView.swift in Sources */ = {isa = PBXBuildFile; fileRef = 55A067262C64FFE700CDDB0E /* ContentView.swift */; };
		55A067292C64FFE900CDDB0E /* Assets.xcassets in Resources */ = {isa = PBXBuildFile; fileRef = 55A067282C64FFE900CDDB0E /* Assets.xcassets */; };
		55A0672C2C64FFE900CDDB0E /* Preview Assets.xcassets in Resources */ = {isa = PBXBuildFile; fileRef = 55A0672B2C64FFE900CDDB0E /* Preview Assets.xcassets */; };
		55A067362C64FFE900CDDB0E /* nineDotsSTaskTests.swift in Sources */ = {isa = PBXBuildFile; fileRef = 55A067352C64FFE900CDDB0E /* nineDotsSTaskTests.swift */; };
		55A067402C64FFE900CDDB0E /* nineDotsSTaskUITests.swift in Sources */ = {isa = PBXBuildFile; fileRef = 55A0673F2C64FFE900CDDB0E /* nineDotsSTaskUITests.swift */; };
		55A067422C64FFE900CDDB0E /* nineDotsSTaskUITestsLaunchTests.swift in Sources */ = {isa = PBXBuildFile; fileRef = 55A067412C64FFE900CDDB0E /* nineDotsSTaskUITestsLaunchTests.swift */; };
/* End PBXBuildFile section */

/* Begin PBXContainerItemProxy section */
		55A067322C64FFE900CDDB0E /* PBXContainerItemProxy */ = {
			isa = PBXContainerItemProxy;
			containerPortal = 55A067192C64FFE700CDDB0E /* Project object */;
			proxyType = 1;
			remoteGlobalIDString = 55A067202C64FFE700CDDB0E;
			remoteInfo = nineDotsSTask;
		};
		55A0673C2C64FFE900CDDB0E /* PBXContainerItemProxy */ = {
			isa = PBXContainerItemProxy;
			containerPortal = 55A067192C64FFE700CDDB0E /* Project object */;
			proxyType = 1;
			remoteGlobalIDString = 55A067202C64FFE700CDDB0E;
			remoteInfo = nineDotsSTask;
		};
/* End PBXContainerItemProxy section */

/* Begin PBXFileReference section */
		55A067212C64FFE700CDDB0E /* nineDotsSTask.app */ = {isa = PBXFileReference; explicitFileType = wrapper.application; includeInIndex = 0; path = nineDotsSTask.app; sourceTree = BUILT_PRODUCTS_DIR; };
		55A067242C64FFE700CDDB0E /* nineDotsSTaskApp.swift */ = {isa = PBXFileReference; lastKnownFileType = sourcecode.swift; path = nineDotsSTaskApp.swift; sourceTree = "<group>"; };
		55A067262C64FFE700CDDB0E /* ContentView.swift */ = {isa = PBXFileReference; lastKnownFileType = sourcecode.swift; path = ContentView.swift; sourceTree = "<group>"; };
		55A067282C64FFE900CDDB0E /* Assets.xcassets */ = {isa = PBXFileReference; lastKnownFileType = folder.assetcatalog; path = Assets.xcassets; sourceTree = "<group>"; };
		55A0672B2C64FFE900CDDB0E /* Preview Assets.xcassets */ = {isa = PBXFileReference; lastKnownFileType = folder.assetcatalog; path = "Preview Assets.xcassets"; sourceTree = "<group>"; };
		55A067312C64FFE900CDDB0E /* nineDotsSTaskTests.xctest */ = {isa = PBXFileReference; explicitFileType = wrapper.cfbundle; includeInIndex = 0; path = nineDotsSTaskTests.xctest; sourceTree = BUILT_PRODUCTS_DIR; };
		55A067352C64FFE900CDDB0E /* nineDotsSTaskTests.swift */ = {isa = PBXFileReference; lastKnownFileType = sourcecode.swift; path = nineDotsSTaskTests.swift; sourceTree = "<group>"; };
		55A0673B2C64FFE900CDDB0E /* nineDotsSTaskUITests.xctest */ = {isa = PBXFileReference; explicitFileType = wrapper.cfbundle; includeInIndex = 0; path = nineDotsSTaskUITests.xctest; sourceTree = BUILT_PRODUCTS_DIR; };
		55A0673F2C64FFE900CDDB0E /* nineDotsSTaskUITests.swift */ = {isa = PBXFileReference; lastKnownFileType = sourcecode.swift; path = nineDotsSTaskUITests.swift; sourceTree = "<group>"; };
		55A067412C64FFE900CDDB0E /* nineDotsSTaskUITestsLaunchTests.swift */ = {isa = PBXFileReference; lastKnownFileType = sourcecode.swift; path = nineDotsSTaskUITestsLaunchTests.swift; sourceTree = "<group>"; };
/* End PBXFileReference section */

/* Begin PBXFrameworksBuildPhase section */
		55A0671E2C64FFE700CDDB0E /* Frameworks */ = {
			isa = PBXFrameworksBuildPhase;
			buildActionMask = 2147483647;
			files = (
			);
			runOnlyForDeploymentPostprocessing = 0;
		};
		55A0672E2C64FFE900CDDB0E /* Frameworks */ = {
			isa = PBXFrameworksBuildPhase;
			buildActionMask = 2147483647;
			files = (
			);
			runOnlyForDeploymentPostprocessing = 0;
		};
		55A067382C64FFE900CDDB0E /* Frameworks */ = {
			isa = PBXFrameworksBuildPhase;
			buildActionMask = 2147483647;
			files = (
			);
			runOnlyForDeploymentPostprocessing = 0;
		};
/* End PBXFrameworksBuildPhase section */

/* Begin PBXGroup section */
		55A067182C64FFE700CDDB0E = {
			isa = PBXGroup;
			children = (
				55A067232C64FFE700CDDB0E /* nineDotsSTask */,
				55A067342C64FFE900CDDB0E /* nineDotsSTaskTests */,
				55A0673E2C64FFE900CDDB0E /* nineDotsSTaskUITests */,
				55A067222C64FFE700CDDB0E /* Products */,
			);
			sourceTree = "<group>";
		};
		55A067222C64FFE700CDDB0E /* Products */ = {
			isa = PBXGroup;
			children = (
				55A067212C64FFE700CDDB0E /* nineDotsSTask.app */,
				55A067312C64FFE900CDDB0E /* nineDotsSTaskTests.xctest */,
				55A0673B2C64FFE900CDDB0E /* nineDotsSTaskUITests.xctest */,
			);
			name = Products;
			sourceTree = "<group>";
		};
		55A067232C64FFE700CDDB0E /* nineDotsSTask */ = {
			isa = PBXGroup;
			children = (
				55A067242C64FFE700CDDB0E /* nineDotsSTaskApp.swift */,
				55A067262C64FFE700CDDB0E /* ContentView.swift */,
				55A067282C64FFE900CDDB0E /* Assets.xcassets */,
				55A0672A2C64FFE900CDDB0E /* Preview Content */,
			);
			path = nineDotsSTask;
			sourceTree = "<group>";
		};
		55A0672A2C64FFE900CDDB0E /* Preview Content */ = {
			isa = PBXGroup;
			children = (
				55A0672B2C64FFE900CDDB0E /* Preview Assets.xcassets */,
			);
			path = "Preview Content";
			sourceTree = "<group>";
		};
		55A067342C64FFE900CDDB0E /* nineDotsSTaskTests */ = {
			isa = PBXGroup;
			children = (
				55A067352C64FFE900CDDB0E /* nineDotsSTaskTests.swift */,
			);
			path = nineDotsSTaskTests;
			sourceTree = "<group>";
		};
		55A0673E2C64FFE900CDDB0E /* nineDotsSTaskUITests */ = {
			isa = PBXGroup;
			children = (
				55A0673F2C64FFE900CDDB0E /* nineDotsSTaskUITests.swift */,
				55A067412C64FFE900CDDB0E /* nineDotsSTaskUITestsLaunchTests.swift */,
			);
			path = nineDotsSTaskUITests;
			sourceTree = "<group>";
		};
/* End PBXGroup section */

/* Begin PBXNativeTarget section */
		55A067202C64FFE700CDDB0E /* nineDotsSTask */ = {
			isa = PBXNativeTarget;
			buildConfigurationList = 55A067452C64FFE900CDDB0E /* Build configuration list for PBXNativeTarget "nineDotsSTask" */;
			buildPhases = (
				55A0671D2C64FFE700CDDB0E /* Sources */,
				55A0671E2C64FFE700CDDB0E /* Frameworks */,
				55A0671F2C64FFE700CDDB0E /* Resources */,
			);
			buildRules = (
			);
			dependencies = (
			);
			name = nineDotsSTask;
			productName = nineDotsSTask;
			productReference = 55A067212C64FFE700CDDB0E /* nineDotsSTask.app */;
			productType = "com.apple.product-type.application";
		};
		55A067302C64FFE900CDDB0E /* nineDotsSTaskTests */ = {
			isa = PBXNativeTarget;
			buildConfigurationList = 55A067482C64FFE900CDDB0E /* Build configuration list for PBXNativeTarget "nineDotsSTaskTests" */;
			buildPhases = (
				55A0672D2C64FFE900CDDB0E /* Sources */,
				55A0672E2C64FFE900CDDB0E /* Frameworks */,
				55A0672F2C64FFE900CDDB0E /* Resources */,
			);
			buildRules = (
			);
			dependencies = (
				55A067332C64FFE900CDDB0E /* PBXTargetDependency */,
			);
			name = nineDotsSTaskTests;
			productName = nineDotsSTaskTests;
			productReference = 55A067312C64FFE900CDDB0E /* nineDotsSTaskTests.xctest */;
			productType = "com.apple.product-type.bundle.unit-test";
		};
		55A0673A2C64FFE900CDDB0E /* nineDotsSTaskUITests */ = {
			isa = PBXNativeTarget;
			buildConfigurationList = 55A0674B2C64FFE900CDDB0E /* Build configuration list for PBXNativeTarget "nineDotsSTaskUITests" */;
			buildPhases = (
				55A067372C64FFE900CDDB0E /* Sources */,
				55A067382C64FFE900CDDB0E /* Frameworks */,
				55A067392C64FFE900CDDB0E /* Resources */,
			);
			buildRules = (
			);
			dependencies = (
				55A0673D2C64FFE900CDDB0E /* PBXTargetDependency */,
			);
			name = nineDotsSTaskUITests;
			productName = nineDotsSTaskUITests;
			productReference = 55A0673B2C64FFE900CDDB0E /* nineDotsSTaskUITests.xctest */;
			productType = "com.apple.product-type.bundle.ui-testing";
		};
/* End PBXNativeTarget section */

/* Begin PBXProject section */
		55A067192C64FFE700CDDB0E /* Project object */ = {
			isa = PBXProject;
			attributes = {
				BuildIndependentTargetsInParallel = 1;
				LastSwiftUpdateCheck = 1540;
				LastUpgradeCheck = 1540;
				TargetAttributes = {
					55A067202C64FFE700CDDB0E = {
						CreatedOnToolsVersion = 15.4;
					};
					55A067302C64FFE900CDDB0E = {
						CreatedOnToolsVersion = 15.4;
						TestTargetID = 55A067202C64FFE700CDDB0E;
					};
					55A0673A2C64FFE900CDDB0E = {
						CreatedOnToolsVersion = 15.4;
						TestTargetID = 55A067202C64FFE700CDDB0E;
					};
				};
			};
			buildConfigurationList = 55A0671C2C64FFE700CDDB0E /* Build configuration list for PBXProject "nineDotsSTask" */;
			compatibilityVersion = "Xcode 14.0";
			developmentRegion = en;
			hasScannedForEncodings = 0;
			knownRegions = (
				en,
				Base,
			);
			mainGroup = 55A067182C64FFE700CDDB0E;
			productRefGroup = 55A067222C64FFE700CDDB0E /* Products */;
			projectDirPath = "";
			projectRoot = "";
			targets = (
				55A067202C64FFE700CDDB0E /* nineDotsSTask */,
				55A067302C64FFE900CDDB0E /* nineDotsSTaskTests */,
				55A0673A2C64FFE900CDDB0E /* nineDotsSTaskUITests */,
			);
		};
/* End PBXProject section */

/* Begin PBXResourcesBuildPhase section */
		55A0671F2C64FFE700CDDB0E /* Resources */ = {
			isa = PBXResourcesBuildPhase;
			buildActionMask = 2147483647;
			files = (
				55A0672C2C64FFE900CDDB0E /* Preview Assets.xcassets in Resources */,
				55A067292C64FFE900CDDB0E /* Assets.xcassets in Resources */,
			);
			runOnlyForDeploymentPostprocessing = 0;
		};
		55A0672F2C64FFE900CDDB0E /* Resources */ = {
			isa = PBXResourcesBuildPhase;
			buildActionMask = 2147483647;
			files = (
			);
			runOnlyForDeploymentPostprocessing = 0;
		};
		55A067392C64FFE900CDDB0E /* Resources */ = {
			isa = PBXResourcesBuildPhase;
			buildActionMask = 2147483647;
			files = (
			);
			runOnlyForDeploymentPostprocessing = 0;
		};
/* End PBXResourcesBuildPhase section */

/* Begin PBXSourcesBuildPhase section */
		55A0671D2C64FFE700CDDB0E /* Sources */ = {
			isa = PBXSourcesBuildPhase;
			buildActionMask = 2147483647;
			files = (
				55A067272C64FFE700CDDB0E /* ContentView.swift in Sources */,
				55A067252C64FFE700CDDB0E /* nineDotsSTaskApp.swift in Sources */,
			);
			runOnlyForDeploymentPostprocessing = 0;
		};
		55A0672D2C64FFE900CDDB0E /* Sources */ = {
			isa = PBXSourcesBuildPhase;
			buildActionMask = 2147483647;
			files = (
				55A067362C64FFE900CDDB0E /* nineDotsSTaskTests.swift in Sources */,
			);
			runOnlyForDeploymentPostprocessing = 0;
		};
		55A067372C64FFE900CDDB0E /* Sources */ = {
			isa = PBXSourcesBuildPhase;
			buildActionMask = 2147483647;
			files = (
				55A067402C64FFE900CDDB0E /* nineDotsSTaskUITests.swift in Sources */,
				55A067422C64FFE900CDDB0E /* nineDotsSTaskUITestsLaunchTests.swift in Sources */,
			);
			runOnlyForDeploymentPostprocessing = 0;
		};
/* End PBXSourcesBuildPhase section */

/* Begin PBXTargetDependency section */
		55A067332C64FFE900CDDB0E /* PBXTargetDependency */ = {
			isa = PBXTargetDependency;
			target = 55A067202C64FFE700CDDB0E /* nineDotsSTask */;
			targetProxy = 55A067322C64FFE900CDDB0E /* PBXContainerItemProxy */;
		};
		55A0673D2C64FFE900CDDB0E /* PBXTargetDependency */ = {
			isa = PBXTargetDependency;
			target = 55A067202C64FFE700CDDB0E /* nineDotsSTask */;
			targetProxy = 55A0673C2C64FFE900CDDB0E /* PBXContainerItemProxy */;
		};
/* End PBXTargetDependency section */

/* Begin XCBuildConfiguration section */
		55A067432C64FFE900CDDB0E /* Debug */ = {
			isa = XCBuildConfiguration;
			buildSettings = {
				ALWAYS_SEARCH_USER_PATHS = NO;
				ASSETCATALOG_COMPILER_GENERATE_SWIFT_ASSET_SYMBOL_EXTENSIONS = YES;
				CLANG_ANALYZER_NONNULL = YES;
				CLANG_ANALYZER_NUMBER_OBJECT_CONVERSION = YES_AGGRESSIVE;
				CLANG_CXX_LANGUAGE_STANDARD = "gnu++20";
				CLANG_ENABLE_MODULES = YES;
				CLANG_ENABLE_OBJC_ARC = YES;
				CLANG_ENABLE_OBJC_WEAK = YES;
				CLANG_WARN_BLOCK_CAPTURE_AUTORELEASING = YES;
				CLANG_WARN_BOOL_CONVERSION = YES;
				CLANG_WARN_COMMA = YES;
				CLANG_WARN_CONSTANT_CONVERSION = YES;
				CLANG_WARN_DEPRECATED_OBJC_IMPLEMENTATIONS = YES;
				CLANG_WARN_DIRECT_OBJC_ISA_USAGE = YES_ERROR;
				CLANG_WARN_DOCUMENTATION_COMMENTS = YES;
				CLANG_WARN_EMPTY_BODY = YES;
				CLANG_WARN_ENUM_CONVERSION = YES;
				CLANG_WARN_INFINITE_RECURSION = YES;
				CLANG_WARN_INT_CONVERSION = YES;
				CLANG_WARN_NON_LITERAL_NULL_CONVERSION = YES;
				CLANG_WARN_OBJC_IMPLICIT_RETAIN_SELF = YES;
				CLANG_WARN_OBJC_LITERAL_CONVERSION = YES;
				CLANG_WARN_OBJC_ROOT_CLASS = YES_ERROR;
				CLANG_WARN_QUOTED_INCLUDE_IN_FRAMEWORK_HEADER = YES;
				CLANG_WARN_RANGE_LOOP_ANALYSIS = YES;
				CLANG_WARN_STRICT_PROTOTYPES = YES;
				CLANG_WARN_SUSPICIOUS_MOVE = YES;
				CLANG_WARN_UNGUARDED_AVAILABILITY = YES_AGGRESSIVE;
				CLANG_WARN_UNREACHABLE_CODE = YES;
				CLANG_WARN__DUPLICATE_METHOD_MATCH = YES;
				COPY_PHASE_STRIP = NO;
				DEBUG_INFORMATION_FORMAT = dwarf;
				ENABLE_STRICT_OBJC_MSGSEND = YES;
				ENABLE_TESTABILITY = YES;
				ENABLE_USER_SCRIPT_SANDBOXING = YES;
				GCC_C_LANGUAGE_STANDARD = gnu17;
				GCC_DYNAMIC_NO_PIC = NO;
				GCC_NO_COMMON_BLOCKS = YES;
				GCC_OPTIMIZATION_LEVEL = 0;
				GCC_PREPROCESSOR_DEFINITIONS = (
					"DEBUG=1",
					"$(inherited)",
				);
				GCC_WARN_64_TO_32_BIT_CONVERSION = YES;
				GCC_WARN_ABOUT_RETURN_TYPE = YES_ERROR;
				GCC_WARN_UNDECLARED_SELECTOR = YES;
				GCC_WARN_UNINITIALIZED_AUTOS = YES_AGGRESSIVE;
				GCC_WARN_UNUSED_FUNCTION = YES;
				GCC_WARN_UNUSED_VARIABLE = YES;
				IPHONEOS_DEPLOYMENT_TARGET = 17.5;
				LOCALIZATION_PREFERS_STRING_CATALOGS = YES;
				MTL_ENABLE_DEBUG_INFO = INCLUDE_SOURCE;
				MTL_FAST_MATH = YES;
				ONLY_ACTIVE_ARCH = YES;
				SDKROOT = iphoneos;
				SWIFT_ACTIVE_COMPILATION_CONDITIONS = "DEBUG $(inherited)";
				SWIFT_OPTIMIZATION_LEVEL = "-Onone";
			};
			name = Debug;
		};
		55A067442C64FFE900CDDB0E /* Release */ = {
			isa = XCBuildConfiguration;
			buildSettings = {
				ALWAYS_SEARCH_USER_PATHS = NO;
				ASSETCATALOG_COMPILER_GENERATE_SWIFT_ASSET_SYMBOL_EXTENSIONS = YES;
				CLANG_ANALYZER_NONNULL = YES;
				CLANG_ANALYZER_NUMBER_OBJECT_CONVERSION = YES_AGGRESSIVE;
				CLANG_CXX_LANGUAGE_STANDARD = "gnu++20";
				CLANG_ENABLE_MODULES = YES;
				CLANG_ENABLE_OBJC_ARC = YES;
				CLANG_ENABLE_OBJC_WEAK = YES;
				CLANG_WARN_BLOCK_CAPTURE_AUTORELEASING = YES;
				CLANG_WARN_BOOL_CONVERSION = YES;
				CLANG_WARN_COMMA = YES;
				CLANG_WARN_CONSTANT_CONVERSION = YES;
				CLANG_WARN_DEPRECATED_OBJC_IMPLEMENTATIONS = YES;
				CLANG_WARN_DIRECT_OBJC_ISA_USAGE = YES_ERROR;
				CLANG_WARN_DOCUMENTATION_COMMENTS = YES;
				CLANG_WARN_EMPTY_BODY = YES;
				CLANG_WARN_ENUM_CONVERSION = YES;
				CLANG_WARN_INFINITE_RECURSION = YES;
				CLANG_WARN_INT_CONVERSION = YES;
				CLANG_WARN_NON_LITERAL_NULL_CONVERSION = YES;
				CLANG_WARN_OBJC_IMPLICIT_RETAIN_SELF = YES;
				CLANG_WARN_OBJC_LITERAL_CONVERSION = YES;
				CLANG_WARN_OBJC_ROOT_CLASS = YES_ERROR;
				CLANG_WARN_QUOTED_INCLUDE_IN_FRAMEWORK_HEADER = YES;
				CLANG_WARN_RANGE_LOOP_ANALYSIS = YES;
				CLANG_WARN_STRICT_PROTOTYPES = YES;
				CLANG_WARN_SUSPICIOUS_MOVE = YES;
				CLANG_WARN_UNGUARDED_AVAILABILITY = YES_AGGRESSIVE;
				CLANG_WARN_UNREACHABLE_CODE = YES;
				CLANG_WARN__DUPLICATE_METHOD_MATCH = YES;
				COPY_PHASE_STRIP = NO;
				DEBUG_INFORMATION_FORMAT = "dwarf-with-dsym";
				ENABLE_NS_ASSERTIONS = NO;
				ENABLE_STRICT_OBJC_MSGSEND = YES;
				ENABLE_USER_SCRIPT_SANDBOXING = YES;
				GCC_C_LANGUAGE_STANDARD = gnu17;
				GCC_NO_COMMON_BLOCKS = YES;
				GCC_WARN_64_TO_32_BIT_CONVERSION = YES;
				GCC_WARN_ABOUT_RETURN_TYPE = YES_ERROR;
				GCC_WARN_UNDECLARED_SELECTOR = YES;
				GCC_WARN_UNINITIALIZED_AUTOS = YES_AGGRESSIVE;
				GCC_WARN_UNUSED_FUNCTION = YES;
				GCC_WARN_UNUSED_VARIABLE = YES;
				IPHONEOS_DEPLOYMENT_TARGET = 17.5;
				LOCALIZATION_PREFERS_STRING_CATALOGS = YES;
				MTL_ENABLE_DEBUG_INFO = NO;
				MTL_FAST_MATH = YES;
				SDKROOT = iphoneos;
				SWIFT_COMPILATION_MODE = wholemodule;
				VALIDATE_PRODUCT = YES;
			};
			name = Release;
		};
		55A067462C64FFE900CDDB0E /* Debug */ = {
			isa = XCBuildConfiguration;
			buildSettings = {
				ASSETCATALOG_COMPILER_APPICON_NAME = AppIcon;
				ASSETCATALOG_COMPILER_GLOBAL_ACCENT_COLOR_NAME = AccentColor;
				CODE_SIGN_STYLE = Automatic;
				CURRENT_PROJECT_VERSION = 1;
				DEVELOPMENT_ASSET_PATHS = "\"nineDotsSTask/Preview Content\"";
				ENABLE_PREVIEWS = YES;
				GENERATE_INFOPLIST_FILE = YES;
				INFOPLIST_KEY_UIApplicationSceneManifest_Generation = YES;
				INFOPLIST_KEY_UIApplicationSupportsIndirectInputEvents = YES;
				INFOPLIST_KEY_UILaunchScreen_Generation = YES;
				INFOPLIST_KEY_UISupportedInterfaceOrientations_iPad = "UIInterfaceOrientationPortrait UIInterfaceOrientationPortraitUpsideDown UIInterfaceOrientationLandscapeLeft UIInterfaceOrientationLandscapeRight";
				INFOPLIST_KEY_UISupportedInterfaceOrientations_iPhone = "UIInterfaceOrientationPortrait UIInterfaceOrientationLandscapeLeft UIInterfaceOrientationLandscapeRight";
				LD_RUNPATH_SEARCH_PATHS = (
					"$(inherited)",
					"@executable_path/Frameworks",
				);
				MARKETING_VERSION = 1.0;
				PRODUCT_BUNDLE_IDENTIFIER = swapnil.nineDotsSTask;
				PRODUCT_NAME = "$(TARGET_NAME)";
				SWIFT_EMIT_LOC_STRINGS = YES;
				SWIFT_VERSION = 5.0;
				TARGETED_DEVICE_FAMILY = "1,2";
			};
			name = Debug;
		};
		55A067472C64FFE900CDDB0E /* Release */ = {
			isa = XCBuildConfiguration;
			buildSettings = {
				ASSETCATALOG_COMPILER_APPICON_NAME = AppIcon;
				ASSETCATALOG_COMPILER_GLOBAL_ACCENT_COLOR_NAME = AccentColor;
				CODE_SIGN_STYLE = Automatic;
				CURRENT_PROJECT_VERSION = 1;
				DEVELOPMENT_ASSET_PATHS = "\"nineDotsSTask/Preview Content\"";
				ENABLE_PREVIEWS = YES;
				GENERATE_INFOPLIST_FILE = YES;
				INFOPLIST_KEY_UIApplicationSceneManifest_Generation = YES;
				INFOPLIST_KEY_UIApplicationSupportsIndirectInputEvents = YES;
				INFOPLIST_KEY_UILaunchScreen_Generation = YES;
				INFOPLIST_KEY_UISupportedInterfaceOrientations_iPad = "UIInterfaceOrientationPortrait UIInterfaceOrientationPortraitUpsideDown UIInterfaceOrientationLandscapeLeft UIInterfaceOrientationLandscapeRight";
				INFOPLIST_KEY_UISupportedInterfaceOrientations_iPhone = "UIInterfaceOrientationPortrait UIInterfaceOrientationLandscapeLeft UIInterfaceOrientationLandscapeRight";
				LD_RUNPATH_SEARCH_PATHS = (
					"$(inherited)",
					"@executable_path/Frameworks",
				);
				MARKETING_VERSION = 1.0;
				PRODUCT_BUNDLE_IDENTIFIER = swapnil.nineDotsSTask;
				PRODUCT_NAME = "$(TARGET_NAME)";
				SWIFT_EMIT_LOC_STRINGS = YES;
				SWIFT_VERSION = 5.0;
				TARGETED_DEVICE_FAMILY = "1,2";
			};
			name = Release;
		};
		55A067492C64FFE900CDDB0E /* Debug */ = {
			isa = XCBuildConfiguration;
			buildSettings = {
				ALWAYS_EMBED_SWIFT_STANDARD_LIBRARIES = YES;
				BUNDLE_LOADER = "$(TEST_HOST)";
				CODE_SIGN_STYLE = Automatic;
				CURRENT_PROJECT_VERSION = 1;
				GENERATE_INFOPLIST_FILE = YES;
				IPHONEOS_DEPLOYMENT_TARGET = 17.5;
				MARKETING_VERSION = 1.0;
				PRODUCT_BUNDLE_IDENTIFIER = swapnil.nineDotsSTaskTests;
				PRODUCT_NAME = "$(TARGET_NAME)";
				SWIFT_EMIT_LOC_STRINGS = NO;
				SWIFT_VERSION = 5.0;
				TARGETED_DEVICE_FAMILY = "1,2";
				TEST_HOST = "$(BUILT_PRODUCTS_DIR)/nineDotsSTask.app/$(BUNDLE_EXECUTABLE_FOLDER_PATH)/nineDotsSTask";
			};
			name = Debug;
		};
		55A0674A2C64FFE900CDDB0E /* Release */ = {
			isa = XCBuildConfiguration;
			buildSettings = {
				ALWAYS_EMBED_SWIFT_STANDARD_LIBRARIES = YES;
				BUNDLE_LOADER = "$(TEST_HOST)";
				CODE_SIGN_STYLE = Automatic;
				CURRENT_PROJECT_VERSION = 1;
				GENERATE_INFOPLIST_FILE = YES;
				IPHONEOS_DEPLOYMENT_TARGET = 17.5;
				MARKETING_VERSION = 1.0;
				PRODUCT_BUNDLE_IDENTIFIER = swapnil.nineDotsSTaskTests;
				PRODUCT_NAME = "$(TARGET_NAME)";
				SWIFT_EMIT_LOC_STRINGS = NO;
				SWIFT_VERSION = 5.0;
				TARGETED_DEVICE_FAMILY = "1,2";
				TEST_HOST = "$(BUILT_PRODUCTS_DIR)/nineDotsSTask.app/$(BUNDLE_EXECUTABLE_FOLDER_PATH)/nineDotsSTask";
			};
			name = Release;
		};
		55A0674C2C64FFE900CDDB0E /* Debug */ = {
			isa = XCBuildConfiguration;
			buildSettings = {
				ALWAYS_EMBED_SWIFT_STANDARD_LIBRARIES = YES;
				CODE_SIGN_STYLE = Automatic;
				CURRENT_PROJECT_VERSION = 1;
				GENERATE_INFOPLIST_FILE = YES;
				MARKETING_VERSION = 1.0;
				PRODUCT_BUNDLE_IDENTIFIER = swapnil.nineDotsSTaskUITests;
				PRODUCT_NAME = "$(TARGET_NAME)";
				SWIFT_EMIT_LOC_STRINGS = NO;
				SWIFT_VERSION = 5.0;
				TARGETED_DEVICE_FAMILY = "1,2";
				TEST_TARGET_NAME = nineDotsSTask;
			};
			name = Debug;
		};
		55A0674D2C64FFE900CDDB0E /* Release */ = {
			isa = XCBuildConfiguration;
			buildSettings = {
				ALWAYS_EMBED_SWIFT_STANDARD_LIBRARIES = YES;
				CODE_SIGN_STYLE = Automatic;
				CURRENT_PROJECT_VERSION = 1;
				GENERATE_INFOPLIST_FILE = YES;
				MARKETING_VERSION = 1.0;
				PRODUCT_BUNDLE_IDENTIFIER = swapnil.nineDotsSTaskUITests;
				PRODUCT_NAME = "$(TARGET_NAME)";
				SWIFT_EMIT_LOC_STRINGS = NO;
				SWIFT_VERSION = 5.0;
				TARGETED_DEVICE_FAMILY = "1,2";
				TEST_TARGET_NAME = nineDotsSTask;
			};
			name = Release;
		};
/* End XCBuildConfiguration section */

/* Begin XCConfigurationList section */
		55A0671C2C64FFE700CDDB0E /* Build configuration list for PBXProject "nineDotsSTask" */ = {
			isa = XCConfigurationList;
			buildConfigurations = (
				55A067432C64FFE900CDDB0E /* Debug */,
				55A067442C64FFE900CDDB0E /* Release */,
			);
			defaultConfigurationIsVisible = 0;
			defaultConfigurationName = Release;
		};
		55A067452C64FFE900CDDB0E /* Build configuration list for PBXNativeTarget "nineDotsSTask" */ = {
			isa = XCConfigurationList;
			buildConfigurations = (
				55A067462C64FFE900CDDB0E /* Debug */,
				55A067472C64FFE900CDDB0E /* Release */,
			);
			defaultConfigurationIsVisible = 0;
			defaultConfigurationName = Release;
		};
		55A067482C64FFE900CDDB0E /* Build configuration list for PBXNativeTarget "nineDotsSTaskTests" */ = {
			isa = XCConfigurationList;
			buildConfigurations = (
				55A067492C64FFE900CDDB0E /* Debug */,
				55A0674A2C64FFE900CDDB0E /* Release */,
			);
			defaultConfigurationIsVisible = 0;
			defaultConfigurationName = Release;
		};
		55A0674B2C64FFE900CDDB0E /* Build configuration list for PBXNativeTarget "nineDotsSTaskUITests" */ = {
			isa = XCConfigurationList;
			buildConfigurations = (
				55A0674C2C64FFE900CDDB0E /* Debug */,
				55A0674D2C64FFE900CDDB0E /* Release */,
			);
			defaultConfigurationIsVisible = 0;
			defaultConfigurationName = Release;
		};
/* End XCConfigurationList section */
	};
	rootObject = 55A067192C64FFE700CDDB0E /* Project object */;
}
